<?xml version="1.0" encoding="utf-8"?>
<Project ToolsVersion="4.0" xmlns="http://schemas.microsoft.com/developer/msbuild/2003">
  <ItemGroup>
    <Filter Include="examples">
      <UniqueIdentifier>{c20eaa39-19b6-4d32-9252-d64d2475d053}</UniqueIdentifier>
    </Filter>
    <Filter Include="vsspecific">
      <UniqueIdentifier>{f519554b-408e-47df-b98d-da8bbd04aea8}</UniqueIdentifier>
    </Filter>
    <Filter Include="tests">
      <UniqueIdentifier>{c9c98c4e-4962-4af1-b2da-e3af1a73d717}</UniqueIdentifier>
    </Filter>
    <Filter Include="vmpl">
      <UniqueIdentifier>{dd5e83f1-ed02-4c60-a0db-c1e4232ce10c}</UniqueIdentifier>
    </Filter>
  </ItemGroup>
  <ItemGroup>
    <ClCompile Include="examples\vmpl.cpp">
      <Filter>examples</Filter>
    </ClCompile>
    <ClCompile Include="vsspecific\stdafx.cpp">
      <Filter>vsspecific</Filter>
    </ClCompile>
  </ItemGroup>
  <ItemGroup>
    <ClInclude Include="vsspecific\stdafx.h">
      <Filter>vsspecific</Filter>
    </ClInclude>
    <ClInclude Include="vsspecific\targetver.h">
      <Filter>vsspecific</Filter>
    </ClInclude>
    <ClInclude Include="tests\holder.h">
      <Filter>tests</Filter>
    </ClInclude>
    <ClInclude Include="tests\testf.h">
      <Filter>tests</Filter>
    </ClInclude>
    <ClInclude Include="tests\at.h">
      <Filter>tests</Filter>
    </ClInclude>
    <ClInclude Include="tests\get.h">
      <Filter>tests</Filter>
    </ClInclude>
    <ClInclude Include="tests\back.h">
      <Filter>tests</Filter>
    </ClInclude>
    <ClInclude Include="include\vmpl\at.h">
      <Filter>vmpl</Filter>
    </ClInclude>
    <ClInclude Include="include\vmpl\back.h">
      <Filter>vmpl</Filter>
    </ClInclude>
    <ClInclude Include="include\vmpl\empty.h">
      <Filter>vmpl</Filter>
    </ClInclude>
    <ClInclude Include="include\vmpl\erase.h">
      <Filter>vmpl</Filter>
    </ClInclude>
    <ClInclude Include="include\vmpl\front.h">
      <Filter>vmpl</Filter>
    </ClInclude>
    <ClInclude Include="include\vmpl\get.h">
      <Filter>vmpl</Filter>
    </ClInclude>
    <ClInclude Include="include\vmpl\holder.h">
      <Filter>vmpl</Filter>
    </ClInclude>
    <ClInclude Include="include\vmpl\insert.h">
      <Filter>vmpl</Filter>
    </ClInclude>
    <ClInclude Include="include\vmpl\integer_sequence.h">
      <Filter>vmpl</Filter>
    </ClInclude>
    <ClInclude Include="include\vmpl\pop.h">
      <Filter>vmpl</Filter>
    </ClInclude>
    <ClInclude Include="include\vmpl\push.h">
      <Filter>vmpl</Filter>
    </ClInclude>
    <ClInclude Include="include\vmpl\replace.h">
      <Filter>vmpl</Filter>
    </ClInclude>
    <ClInclude Include="include\vmpl\reverse.h">
      <Filter>vmpl</Filter>
    </ClInclude>
    <ClInclude Include="include\vmpl\size.h">
      <Filter>vmpl</Filter>
    </ClInclude>
    <ClInclude Include="include\vmpl\splice.h">
      <Filter>vmpl</Filter>
    </ClInclude>
    <ClInclude Include="include\vmpl\split.h">
      <Filter>vmpl</Filter>
    </ClInclude>
    <ClInclude Include="include\vmpl\transform.h">
      <Filter>vmpl</Filter>
    </ClInclude>
    <ClInclude Include="tests\front.h">
      <Filter>tests</Filter>
    </ClInclude>
    <ClInclude Include="include\vmpl\map.h">
      <Filter>vmpl</Filter>
    </ClInclude>
    <ClInclude Include="include\vmpl\pair.h">
      <Filter>vmpl</Filter>
    </ClInclude>
    <ClInclude Include="include\vmpl\numrics.h">
      <Filter>vmpl</Filter>
    </ClInclude>
    <ClInclude Include="include\vmpl\function_info.h">
      <Filter>vmpl</Filter>
    </ClInclude>
    <ClInclude Include="tests\function_info.h">
      <Filter>tests</Filter>
    </ClInclude>
  </ItemGroup>
  <ItemGroup>
    <None Include="README.md" />
  </ItemGroup>
</Project>